
Microsoft Visual Studio Solution File, Format Version 12.00
# Visual Studio Version 17
VisualStudioVersion = 17.12.35527.113 d17.12
MinimumVisualStudioVersion = 10.0.40219.1
Project("{FAE04EC0-301F-11D3-BF4B-00C04F79EFBC}") = "DepthCheckForm", "DepthCheckForm\DepthCheckForm.csproj", "{1F51139F-4552-4EFD-8622-8B96C1C15E71}"
EndProject
Project("{FAE04EC0-301F-11D3-BF4B-00C04F79EFBC}") = "WMITest", "WMITest\WMITest.csproj", "{7F7BBB1A-29A4-4D22-9548-C14F2CE59FC9}"
EndProject
Global
	GlobalSection(SolutionConfigurationPlatforms) = preSolution
		Debug|Any CPU = Debug|Any CPU
		Release|Any CPU = Release|Any CPU
	EndGlobalSection
	GlobalSection(ProjectConfigurationPlatforms) = postSolution
		{1F51139F-4552-4EFD-8622-8B96C1C15E71}.Debug|Any CPU.ActiveCfg = Debug|Any CPU
		{1F51139F-4552-4EFD-8622-8B96C1C15E71}.Debug|Any CPU.Build.0 = Debug|Any CPU
		{1F51139F-4552-4EFD-8622-8B96C1C15E71}.Release|Any CPU.ActiveCfg = Release|Any CPU
		{1F51139F-4552-4EFD-8622-8B96C1C15E71}.Release|Any CPU.Build.0 = Release|Any CPU
		{7F7BBB1A-29A4-4D22-9548-C14F2CE59FC9}.Debug|Any CPU.ActiveCfg = Debug|Any CPU
		{7F7BBB1A-29A4-4D22-9548-C14F2CE59FC9}.Debug|Any CPU.Build.0 = Debug|Any CPU
		{7F7BBB1A-29A4-4D22-9548-C14F2CE59FC9}.Release|Any CPU.ActiveCfg = Release|Any CPU
		{7F7BBB1A-29A4-4D22-9548-C14F2CE59FC9}.Release|Any CPU.Build.0 = Release|Any CPU
	EndGlobalSection
	GlobalSection(SolutionProperties) = preSolution
		HideSolutionNode = FALSE
	EndGlobalSection
EndGlobal
